version = 1
revision = 2
requires-python = ">=3.8, <3.13"

[options]
resolution-mode = "lowest"

[[package]]
name = "cffi"
version = "1.12.0"
source = { registry = "https://pypi.org/simple" }
dependencies = [
    { name = "pycparser" },
]
sdist = { url = "https://files.pythonhosted.org/packages/10/fe/b6362c613a70ac29cf7cac36307d85f08ebe4a96d9d54b895b10a807e39b/cffi-1.12.0.tar.gz", hash = "sha256:08090454ff236239e583a9119d0502a6b9817594c0a3714dd1d8593f2350ba11", size = 453494, upload-time = "2019-02-13T13:39:10.839Z" }

[[package]]
name = "miniaudio"
version = "1.61"
source = { registry = "https://pypi.org/simple" }
dependencies = [
    { name = "cffi" },
]
sdist = { url = "https://files.pythonhosted.org/packages/55/fa/96d4cc7ada283357117f7890418ac065a0a6d81ec59e681cd965a403aba3/miniaudio-1.61.tar.gz", hash = "sha256:e88e97837d031f0fb6982394218b6487de02eaa382ad273b8fca37791a2b4b15", size = 1103527, upload-time = "2024-07-24T18:13:10.037Z" }
wheels = [
    { url = "https://files.pythonhosted.org/packages/87/71/0049137126f4544543855d38836bd22c56907b486d279d93efd6ef91045d/miniaudio-1.61-cp310-cp310-macosx_10_9_x86_64.whl", hash = "sha256:154e7bc36b0cde4da2e4d7c84ba5f5ac0b634905f8d6bf93381fdc457a0fb2d7", size = 354714, upload-time = "2024-07-24T18:11:25.119Z" },
    { url = "https://files.pythonhosted.org/packages/8c/a8/d1802c441cb503f8eb11576b15f9895fe37c1838d661aea3929f15f70e4b/miniaudio-1.61-cp310-cp310-macosx_11_0_arm64.whl", hash = "sha256:6aaade7e4e787e789a69b5027e95db6e572759d713bfe321fd40a399f50c0f29", size = 329723, upload-time = "2024-07-24T18:11:27.284Z" },
    { url = "https://files.pythonhosted.org/packages/c5/fe/9230e69a1b013b046a002297a04893ce1f20461590ebba0b3b7fdb137921/miniaudio-1.61-cp310-cp310-manylinux_2_17_i686.manylinux2014_i686.whl", hash = "sha256:82fb734e7607c45a515f6ab5143aaea356a6fb2ad9562afea029b7c2d7ea6b3a", size = 686939, upload-time = "2024-07-24T18:11:28.982Z" },
    { url = "https://files.pythonhosted.org/packages/e0/2c/1a3ad53080eebf0f331d3fd7db20e073bf2a02186bd13585f5ae0be2e2e5/miniaudio-1.61-cp310-cp310-manylinux_2_17_x86_64.manylinux2014_x86_64.whl", hash = "sha256:c029004af862dd96065b4839efa4643484be46e42946a9ce7d182ec32a863de1", size = 608385, upload-time = "2024-07-24T18:11:30.593Z" },
    { url = "https://files.pythonhosted.org/packages/84/05/03f5b6e6950e877416069261f237b4a0f56b465c46379889f376a7625b4f/miniaudio-1.61-cp310-cp310-musllinux_1_2_i686.whl", hash = "sha256:7fd7c35b0a8c04a69f658594f3e6139515b513b7d47727b59f631dd5f0b9e10c", size = 702095, upload-time = "2024-07-24T18:11:32.288Z" },
    { url = "https://files.pythonhosted.org/packages/30/89/d5ef9687c86e5c0812a25b92ed331330950754f2225800dee78682baedfd/miniaudio-1.61-cp310-cp310-musllinux_1_2_x86_64.whl", hash = "sha256:95331fee41b9b464b278a2b83ca1e99dff5cd1c3645c2913917759cf2f711916", size = 624211, upload-time = "2024-07-24T18:11:34.082Z" },
    { url = "https://files.pythonhosted.org/packages/8c/5a/7a42f7b9ab0b7a1f30cc73c868c4bfd23bb414834e7cc4229a22013332ad/miniaudio-1.61-cp310-cp310-win32.whl", hash = "sha256:200b7ab40a360a2d9bb7005273e433b239d6e15d6bf8148a2b68808f3d152e5c", size = 228001, upload-time = "2024-07-24T18:11:35.928Z" },
    { url = "https://files.pythonhosted.org/packages/a9/b9/327ef0605772f6bed1d07af42367928b71ca300f0a127eaf86e70bc96d7b/miniaudio-1.61-cp310-cp310-win_amd64.whl", hash = "sha256:119fdb2ae761916d3e2b840e9b40f1b724acac8e5fbd7fb8002872e17470a70b", size = 266184, upload-time = "2024-07-24T18:11:38.741Z" },
    { url = "https://files.pythonhosted.org/packages/ec/35/3713c34736d4feb7efc430377b7ed2b49f1c5dde6c5a8e2a13b704688cbc/miniaudio-1.61-cp311-cp311-macosx_10_9_x86_64.whl", hash = "sha256:9c9e18f72e241e14fc63293e1cbe175a7562242f6768b8b7ef526b6ea277303b", size = 354716, upload-time = "2024-07-24T18:11:40.449Z" },
    { url = "https://files.pythonhosted.org/packages/84/2a/c4fb14aa91a7accc09962f331b2f327edebc75b46eb26a4d9f2d1fa77151/miniaudio-1.61-cp311-cp311-macosx_11_0_arm64.whl", hash = "sha256:e6083cad6116f0bd94d6dfe429b3c2ac200af09d955f80333ad41013bb2d74a6", size = 329724, upload-time = "2024-07-24T18:11:42.105Z" },
    { url = "https://files.pythonhosted.org/packages/5b/a5/aeb1728866e7e12cf98c3931148382fea58bb6e432ddb8a1a43c8094e2c7/miniaudio-1.61-cp311-cp311-manylinux_2_17_i686.manylinux2014_i686.whl", hash = "sha256:e67e74a512f388c7df1e401ecee02da0873469596ad156484a145b5c7302df8b", size = 686950, upload-time = "2024-07-24T18:11:43.855Z" },
    { url = "https://files.pythonhosted.org/packages/58/ef/9de72a39622569cb999e9f681f5b5b9a8c1aa93131c0867a830fbc7ffa25/miniaudio-1.61-cp311-cp311-manylinux_2_17_x86_64.manylinux2014_x86_64.whl", hash = "sha256:af1d21ea865ade9fbddfb6c803b5094014defff067a36c5d97b968950957448a", size = 608377, upload-time = "2024-07-24T18:11:45.707Z" },
    { url = "https://files.pythonhosted.org/packages/82/e8/93538c0ab664b970c383d6b9c5bd2ef776c5324ab83b72395b4cb474912f/miniaudio-1.61-cp311-cp311-musllinux_1_2_i686.whl", hash = "sha256:0acde34c70338ea7f44f32fd8617707583052b4ac87d7a436ccb3c99439ae48d", size = 702095, upload-time = "2024-07-24T18:11:47.349Z" },
    { url = "https://files.pythonhosted.org/packages/b4/aa/6cbcfb657b2ccdd2f760ad28ce456f08f24d4e7d10f7d43705b1b9bb813c/miniaudio-1.61-cp311-cp311-musllinux_1_2_x86_64.whl", hash = "sha256:c8fe2b3e0ae7b939014a059206d9f60861aa48ad216dc0102517b398ce5c3306", size = 624210, upload-time = "2024-07-24T18:11:49.296Z" },
    { url = "https://files.pythonhosted.org/packages/c6/8b/48e3b594137b70ed03ad870656a84aa7f2a060ca789958cb55113b258400/miniaudio-1.61-cp311-cp311-win32.whl", hash = "sha256:e54254e7397d6fbbd045c604b2180b94b1fd559bfd483f8a86332434ec5db34a", size = 228000, upload-time = "2024-07-24T18:11:51.125Z" },
    { url = "https://files.pythonhosted.org/packages/31/38/50bd9174a6200819e7321a98362484786cce14d48eee8c12cc1a8c073ab6/miniaudio-1.61-cp311-cp311-win_amd64.whl", hash = "sha256:71066552e216d80531d18b87543e1efa68e014a2f8e6064023ef544dc41a1c1e", size = 266180, upload-time = "2024-07-24T18:11:52.802Z" },
    { url = "https://files.pythonhosted.org/packages/61/2f/87034296394174490b8212a290cc35e1cbc19b07a2ff3353443ca5cf7b24/miniaudio-1.61-cp312-cp312-macosx_10_9_x86_64.whl", hash = "sha256:ff9f6ccd425d76a7e75df210f905b2cfc82695afb716bc7b94bb483e5a5b89d7", size = 354751, upload-time = "2024-07-24T18:11:54.223Z" },
    { url = "https://files.pythonhosted.org/packages/50/ea/279be3422c082596695f8c0372f913203e015e0062aa42b7597801858a73/miniaudio-1.61-cp312-cp312-macosx_11_0_arm64.whl", hash = "sha256:849e4c9e80c24d7576b660dc92f67814b61f3c7d12ae8c90cb169050d685f35a", size = 329730, upload-time = "2024-07-24T18:11:55.857Z" },
    { url = "https://files.pythonhosted.org/packages/fb/d6/bd6d5691014cfd2c00e3f5b9ac2bea5108caccf6a03db73244f662362968/miniaudio-1.61-cp312-cp312-manylinux_2_17_i686.manylinux2014_i686.whl", hash = "sha256:84b93ecf698288254d5f08f703893d3953097ad4781889a6301fa8f42483c695", size = 687596, upload-time = "2024-07-24T18:11:57.394Z" },
    { url = "https://files.pythonhosted.org/packages/8d/cc/89071844e8f4c149f3d5f6707635aaa5851c8981280943cc636e16990287/miniaudio-1.61-cp312-cp312-manylinux_2_17_x86_64.manylinux2014_x86_64.whl", hash = "sha256:c31c2dc2fb4ffc62de7b6af68a2753c9bcfabca661c32f894ac6f6ea1217d609", size = 609040, upload-time = "2024-07-24T18:11:58.68Z" },
    { url = "https://files.pythonhosted.org/packages/1d/31/d73ca371029f89bbd181f7cced5efaaae0507ed5fd0bf9c5a76233e4d051/miniaudio-1.61-cp312-cp312-musllinux_1_2_i686.whl", hash = "sha256:57766bccbb3da522e8542a2ea076627175933e5e89b022e7a3d999be8ab09ccc", size = 701653, upload-time = "2024-07-24T18:12:00.407Z" },
    { url = "https://files.pythonhosted.org/packages/28/f9/c90e3dc3f769c65e143a452faaabb15b024c0dc3069e1592fb149015755e/miniaudio-1.61-cp312-cp312-musllinux_1_2_x86_64.whl", hash = "sha256:07eed71ec3b297502e178b87d5b9111e85f7d727d6eb7694663d820fd714b9c3", size = 624040, upload-time = "2024-07-24T18:12:02.282Z" },
    { url = "https://files.pythonhosted.org/packages/3c/38/c08fd29cc9722ed781520a70faccfe83a339412651d45dfdab18180251b4/miniaudio-1.61-cp312-cp312-win32.whl", hash = "sha256:37f1d2602bf9e7e919a9d2cb2c5496180a135cb3406d8acfc7ca1d0d008150bd", size = 228090, upload-time = "2024-07-24T18:12:03.976Z" },
    { url = "https://files.pythonhosted.org/packages/45/59/f567ac9959fb1fb14770690bae3261e43a08653e9b179a5237020095992b/miniaudio-1.61-cp312-cp312-win_amd64.whl", hash = "sha256:268017bc9b30e9f95b0bdaa20c386c9d2cf4dab1235193f0fc774890b77b1dc0", size = 266238, upload-time = "2024-07-24T18:12:05.576Z" },
    { url = "https://files.pythonhosted.org/packages/55/77/696857744786afbddd578b258d4e305c7f6a348656277f289c90090f4eec/miniaudio-1.61-cp38-cp38-macosx_10_9_x86_64.whl", hash = "sha256:880697bc95610b7c991b580ceeac907ec15bc5700aa9e753c92de56e516853dc", size = 354716, upload-time = "2024-07-24T18:12:06.906Z" },
    { url = "https://files.pythonhosted.org/packages/bd/04/7754be7d7b3b8451c3c02f9c7ec5adcbca22af7a879eff86d97df5f9f640/miniaudio-1.61-cp38-cp38-macosx_11_0_arm64.whl", hash = "sha256:3b137acf05dc2bbb1b30bee24cdff301a009799139001646aec870ff9bd83030", size = 329723, upload-time = "2024-07-24T18:12:08.267Z" },
    { url = "https://files.pythonhosted.org/packages/e9/47/7755e2eb8498855ab30670be23421879b6ccd0fbc6548429f738ffab83da/miniaudio-1.61-cp38-cp38-manylinux_2_17_i686.manylinux2014_i686.whl", hash = "sha256:cedfe252ab85a4607222902c3274c59c0afbaab52ca2562fe8a26f2c9d3ddb50", size = 686958, upload-time = "2024-07-24T18:12:09.784Z" },
    { url = "https://files.pythonhosted.org/packages/a3/22/173aeb488e4a9b78e9b95a399ea4dae0b9171f7ac47bea3365505a08c89f/miniaudio-1.61-cp38-cp38-manylinux_2_17_x86_64.manylinux2014_x86_64.whl", hash = "sha256:fce9027c1e55216a8cf723678b3f15998337c28004dab4bad5629cad20e0ccec", size = 608371, upload-time = "2024-07-24T18:12:11.562Z" },
    { url = "https://files.pythonhosted.org/packages/a6/f1/e52b0cfc8b2b04c97906eac9ddf3d2a030fc9282d80b5bbf843f873d1eff/miniaudio-1.61-cp38-cp38-musllinux_1_2_i686.whl", hash = "sha256:493fdb7cb5b87ea49d378b33be03c3f43e77c3c062c273f531291e748ca0856a", size = 702089, upload-time = "2024-07-24T18:12:13.387Z" },
    { url = "https://files.pythonhosted.org/packages/68/b3/f36bf352f3ef4bbfa0571d41e8f24b44b7daa7ed672daa569a38cad8b35d/miniaudio-1.61-cp38-cp38-musllinux_1_2_x86_64.whl", hash = "sha256:801eb857effda660a71375ef5d478e15eaa374fbef317c2584f5ab61cbb8fc76", size = 624202, upload-time = "2024-07-24T18:12:15.092Z" },
    { url = "https://files.pythonhosted.org/packages/64/94/917a76df4fbb583e9ef78d12aead46b105f29db6a28a617ea5a410ef6881/miniaudio-1.61-cp38-cp38-win32.whl", hash = "sha256:abd3034c31d192af3ceafde16e8cb985e4555aa3a66b84b50f8c8103255ab9d6", size = 228000, upload-time = "2024-07-24T18:12:16.842Z" },
    { url = "https://files.pythonhosted.org/packages/58/9d/0c59e60c85de7c42992270b3d9d7e77a6081106696288ecca7b0b7f00622/miniaudio-1.61-cp38-cp38-win_amd64.whl", hash = "sha256:850dd2cc54b61a52d367b6b442e992377d337be319aad92d9d71da6ba2dd9f58", size = 266181, upload-time = "2024-07-24T18:12:18.536Z" },
    { url = "https://files.pythonhosted.org/packages/47/1c/c4f0955291b9bb38b532f3b5668969230efae07aa1b0eae23872d3dac827/miniaudio-1.61-cp39-cp39-macosx_10_9_x86_64.whl", hash = "sha256:d8da81008dec73e0251f1ae817c6e883a34f5cb66cb560ffaf32d59f004b3f90", size = 354715, upload-time = "2024-07-24T18:12:20.082Z" },
    { url = "https://files.pythonhosted.org/packages/51/2c/7382603226d6fb593257a1186dc14df7123cb09bebf3ffbcec856b3d0737/miniaudio-1.61-cp39-cp39-macosx_11_0_arm64.whl", hash = "sha256:49b20903162ca881ebd2577884ea57c3906f1800b701be574e981db724a6d767", size = 329719, upload-time = "2024-07-24T18:12:21.71Z" },
    { url = "https://files.pythonhosted.org/packages/25/53/e33de98d4ea42785ba625d0364c5f13d453e8198e1175876faa4b9fe0abd/miniaudio-1.61-cp39-cp39-manylinux_2_17_i686.manylinux2014_i686.whl", hash = "sha256:d8595782080deab028fb0dcac22f416a4bea7ef11df5bf40f8fe41a1f298b745", size = 686942, upload-time = "2024-07-24T18:12:22.98Z" },
    { url = "https://files.pythonhosted.org/packages/34/f7/2c40b64c5b60d5d2dbaa815e2623dc276eaaad9fe1863b82e96240fa31cb/miniaudio-1.61-cp39-cp39-manylinux_2_17_x86_64.manylinux2014_x86_64.whl", hash = "sha256:15134e9ed6d2974f0b3c941434c5e338328e3acf52cac9718c029881a26eec4e", size = 608368, upload-time = "2024-07-24T18:12:24.435Z" },
    { url = "https://files.pythonhosted.org/packages/a5/5f/fe3a25ff185c548aa660220a07f178edec6278884c7f561282f591f1ae25/miniaudio-1.61-cp39-cp39-musllinux_1_2_i686.whl", hash = "sha256:72c7a05ea33a2f55ab1e5067f5bb7dbe97b6e172f2e6624697bfd8e94182fef5", size = 702088, upload-time = "2024-07-24T18:12:27.092Z" },
    { url = "https://files.pythonhosted.org/packages/19/29/a5b585ab5c276c5aac359f580c63be2dfb8b938147aff332d91a5bce1753/miniaudio-1.61-cp39-cp39-musllinux_1_2_x86_64.whl", hash = "sha256:dd49f78ef8412d2963c0336b1d7e5452ff7e991fe9509b2387672d9d8a3096e9", size = 624207, upload-time = "2024-07-24T18:12:28.662Z" },
    { url = "https://files.pythonhosted.org/packages/11/20/af393992651a75881080e8b170db8d0a4c7c1d79480b9cd48e2c3a26c294/miniaudio-1.61-cp39-cp39-win32.whl", hash = "sha256:c0ffb0b621a7cd8481d4049777b34cb9cab75e6a1de16bac27aa9ca31a49af30", size = 227997, upload-time = "2024-07-24T18:12:29.967Z" },
    { url = "https://files.pythonhosted.org/packages/a4/03/1881c25877154b232552821abe1330fa3d7790fc66de32792966a08d829a/miniaudio-1.61-cp39-cp39-win_amd64.whl", hash = "sha256:a662f853cb6091ca51628ced89c08c43321105c471e9ce07453ad1777c4b0eeb", size = 266182, upload-time = "2024-07-24T18:12:32.591Z" },
    { url = "https://files.pythonhosted.org/packages/ca/3b/3e9c4530f9fc8cb7dc062d9a34c297f4267c11ec7b52b0685816b0174451/miniaudio-1.61-pp310-pypy310_pp73-macosx_10_15_x86_64.whl", hash = "sha256:a3260686e091a9920abe4eddbc6c3445f2be2a6dd6c60a8f7eff559aeb311dd7", size = 340700, upload-time = "2024-07-24T18:12:34.235Z" },
    { url = "https://files.pythonhosted.org/packages/dc/5a/e53365c361c8ef21dddbddc1cb48a8ada96b38ef02a5913cc39f4d5a3ad7/miniaudio-1.61-pp310-pypy310_pp73-macosx_11_0_arm64.whl", hash = "sha256:002a29d75bed3d7db5d8689022885735744a43778a46cf63c3f7d4d1f7373710", size = 305861, upload-time = "2024-07-24T18:12:35.567Z" },
    { url = "https://files.pythonhosted.org/packages/4e/a3/76f7ad5352bde79503c7ef134302ed5790f21b1b31d99e9c708860988f26/miniaudio-1.61-pp310-pypy310_pp73-manylinux_2_17_i686.manylinux2014_i686.whl", hash = "sha256:fdf5531fe5f16add40e843f167876412de59c493a5f77f97a27369ba660891e8", size = 630517, upload-time = "2024-07-24T18:12:36.884Z" },
    { url = "https://files.pythonhosted.org/packages/24/6e/b63a26d307f8ee95ce455e3ed768b2756b8ccb3e7d2bee809fb4ce3c935e/miniaudio-1.61-pp310-pypy310_pp73-manylinux_2_17_x86_64.manylinux2014_x86_64.whl", hash = "sha256:b5e77c9d702e06afe64dc557e2626a875ecc829b9a23d57a7f987a5de630c6c2", size = 561028, upload-time = "2024-07-24T18:12:38.563Z" },
    { url = "https://files.pythonhosted.org/packages/33/ed/33886c386345c57ab5ad1f71302e1e96e3f10e942f042018710b025c9452/miniaudio-1.61-pp310-pypy310_pp73-win_amd64.whl", hash = "sha256:212896c7d02282fe5415a9fc1443fe090153338a64f54b492c954f677e7e1e8f", size = 242835, upload-time = "2024-07-24T18:12:39.955Z" },
    { url = "https://files.pythonhosted.org/packages/48/b5/194c2b27a1dac8a266c4cda5188af683776a5af560a03c6572fdf3f74365/miniaudio-1.61-pp38-pypy38_pp73-macosx_10_9_x86_64.whl", hash = "sha256:42a250e37b4e39fec0f08d343f0f39254ccdf5f84beeb553eb4ca453c3f7c7e8", size = 327367, upload-time = "2024-07-24T18:12:48.097Z" },
    { url = "https://files.pythonhosted.org/packages/8c/25/e8855490968afd316bfc762e1caafa707d6840f8d4e93ba4e31a693851f1/miniaudio-1.61-pp38-pypy38_pp73-macosx_11_0_arm64.whl", hash = "sha256:f2b9dee38bddd168d9ec3d2553abf329f0a151b101dfefa63ba0da4c6a553a7b", size = 305855, upload-time = "2024-07-24T18:12:49.908Z" },
    { url = "https://files.pythonhosted.org/packages/d1/28/f63aaaf8a8a321258574f6b5d14887775b17ec9c6356916b77954538992f/miniaudio-1.61-pp38-pypy38_pp73-manylinux_2_17_i686.manylinux2014_i686.whl", hash = "sha256:6713ed71c2fb2bdf6a892d871d31fd0281b6273f77c0e6d008410260739a046a", size = 630511, upload-time = "2024-07-24T18:12:51.886Z" },
    { url = "https://files.pythonhosted.org/packages/01/3e/fe932bb91bd184f0fff95b7165b8eaf82e11bedae597063cd193b373081a/miniaudio-1.61-pp38-pypy38_pp73-manylinux_2_17_x86_64.manylinux2014_x86_64.whl", hash = "sha256:029a2cbb0448d76af958b7ce38ab11513e5b078390e4084dfde3a818b0dbb9e2", size = 561016, upload-time = "2024-07-24T18:12:53.273Z" },
    { url = "https://files.pythonhosted.org/packages/d5/3e/a375cf21e0d74198ecc2e97eb724f561e6c3c335733f8601fd846be4bfb5/miniaudio-1.61-pp38-pypy38_pp73-win_amd64.whl", hash = "sha256:64d8f06a03cc9a008a15c55048e5ff9e6ce9de4f3d05fa146a70bb756ef7c061", size = 242830, upload-time = "2024-07-24T18:12:55.654Z" },
    { url = "https://files.pythonhosted.org/packages/ab/e0/7e8c27c31b7c818d89272eb8cb1e71b716dbcbe120fbeaeab8fd510c1717/miniaudio-1.61-pp39-pypy39_pp73-macosx_10_15_x86_64.whl", hash = "sha256:62afa4077a6364be4d64e6c107b76e4487b4ee0fc42c7f63d7b6c55e42e604d8", size = 340696, upload-time = "2024-07-24T18:13:00.935Z" },
    { url = "https://files.pythonhosted.org/packages/fd/a6/a4081f7ccc495620d3451fbc348f6a8771aa59597b8ab77187d7194b4478/miniaudio-1.61-pp39-pypy39_pp73-macosx_11_0_arm64.whl", hash = "sha256:0d2bea03cdd436f17a425e13ce73ea65f8db09d927f46153f16cbd6d625327f5", size = 305857, upload-time = "2024-07-24T18:13:02.223Z" },
    { url = "https://files.pythonhosted.org/packages/ef/e7/0d1f752160bbc91d1e1681251306e9ded95aab5686424d6a1b6a7a662098/miniaudio-1.61-pp39-pypy39_pp73-manylinux_2_17_i686.manylinux2014_i686.whl", hash = "sha256:5b8a8aa29489f3ddea344730a4d1a797dd29d8b426d015cdeaa8f6d899ee9d49", size = 630498, upload-time = "2024-07-24T18:13:03.513Z" },
    { url = "https://files.pythonhosted.org/packages/56/1b/f055188fccd65722d06d8bdf07f9269f1a5fb7ef0cc431ec52783f00aae3/miniaudio-1.61-pp39-pypy39_pp73-manylinux_2_17_x86_64.manylinux2014_x86_64.whl", hash = "sha256:466757884984206e6622f91359d91678c8abb4f263188b2d1735adbed98771d4", size = 561010, upload-time = "2024-07-24T18:13:04.822Z" },
    { url = "https://files.pythonhosted.org/packages/49/3f/39a276830734d869ccb6cd48e5059120b5beb8ddffca840bd75bf6f65c5b/miniaudio-1.61-pp39-pypy39_pp73-win_amd64.whl", hash = "sha256:bc451304e81ff5b4cc1e40e2746c7626a3195e939153734a81e4e333aff3dcbb", size = 242832, upload-time = "2024-07-24T18:13:06.19Z" },
]

[[package]]
name = "minispeaker"
version = "0.1.0"
source = { editable = "." }
dependencies = [
    { name = "miniaudio" },
    { name = "numpy" },
    { name = "typing-extensions" },
]

[package.metadata]
requires-dist = [
    { name = "miniaudio", specifier = ">=1.61" },
    { name = "numpy", specifier = ">=1.24.4" },
    { name = "typing-extensions", specifier = ">=4" },
]

[[package]]
name = "numpy"
version = "1.24.4"
source = { registry = "https://pypi.org/simple" }
sdist = { url = "https://files.pythonhosted.org/packages/a4/9b/027bec52c633f6556dba6b722d9a0befb40498b9ceddd29cbe67a45a127c/numpy-1.24.4.tar.gz", hash = "sha256:80f5e3a4e498641401868df4208b74581206afbee7cf7b8329daae82676d9463", size = 10911229, upload-time = "2023-06-26T13:39:33.218Z" }
wheels = [
    { url = "https://files.pythonhosted.org/packages/6b/80/6cdfb3e275d95155a34659163b83c09e3a3ff9f1456880bec6cc63d71083/numpy-1.24.4-cp310-cp310-macosx_10_9_x86_64.whl", hash = "sha256:c0bfb52d2169d58c1cdb8cc1f16989101639b34c7d3ce60ed70b19c63eba0b64", size = 19789140, upload-time = "2023-06-26T13:22:33.184Z" },
    { url = "https://files.pythonhosted.org/packages/64/5f/3f01d753e2175cfade1013eea08db99ba1ee4bdb147ebcf3623b75d12aa7/numpy-1.24.4-cp310-cp310-macosx_11_0_arm64.whl", hash = "sha256:ed094d4f0c177b1b8e7aa9cba7d6ceed51c0e569a5318ac0ca9a090680a6a1b1", size = 13854297, upload-time = "2023-06-26T13:22:59.541Z" },
    { url = "https://files.pythonhosted.org/packages/5a/b3/2f9c21d799fa07053ffa151faccdceeb69beec5a010576b8991f614021f7/numpy-1.24.4-cp310-cp310-manylinux_2_17_aarch64.manylinux2014_aarch64.whl", hash = "sha256:79fc682a374c4a8ed08b331bef9c5f582585d1048fa6d80bc6c35bc384eee9b4", size = 13995611, upload-time = "2023-06-26T13:23:22.167Z" },
    { url = "https://files.pythonhosted.org/packages/10/be/ae5bf4737cb79ba437879915791f6f26d92583c738d7d960ad94e5c36adf/numpy-1.24.4-cp310-cp310-manylinux_2_17_x86_64.manylinux2014_x86_64.whl", hash = "sha256:7ffe43c74893dbf38c2b0a1f5428760a1a9c98285553c89e12d70a96a7f3a4d6", size = 17282357, upload-time = "2023-06-26T13:23:51.446Z" },
    { url = "https://files.pythonhosted.org/packages/c0/64/908c1087be6285f40e4b3e79454552a701664a079321cff519d8c7051d06/numpy-1.24.4-cp310-cp310-win32.whl", hash = "sha256:4c21decb6ea94057331e111a5bed9a79d335658c27ce2adb580fb4d54f2ad9bc", size = 12429222, upload-time = "2023-06-26T13:24:13.849Z" },
    { url = "https://files.pythonhosted.org/packages/22/55/3d5a7c1142e0d9329ad27cece17933b0e2ab4e54ddc5c1861fbfeb3f7693/numpy-1.24.4-cp310-cp310-win_amd64.whl", hash = "sha256:b4bea75e47d9586d31e892a7401f76e909712a0fd510f58f5337bea9572c571e", size = 14841514, upload-time = "2023-06-26T13:24:38.129Z" },
    { url = "https://files.pythonhosted.org/packages/a9/cc/5ed2280a27e5dab12994c884f1f4d8c3bd4d885d02ae9e52a9d213a6a5e2/numpy-1.24.4-cp311-cp311-macosx_10_9_x86_64.whl", hash = "sha256:f136bab9c2cfd8da131132c2cf6cc27331dd6fae65f95f69dcd4ae3c3639c810", size = 19775508, upload-time = "2023-06-26T13:25:08.882Z" },
    { url = "https://files.pythonhosted.org/packages/c0/bc/77635c657a3668cf652806210b8662e1aff84b818a55ba88257abf6637a8/numpy-1.24.4-cp311-cp311-macosx_11_0_arm64.whl", hash = "sha256:e2926dac25b313635e4d6cf4dc4e51c8c0ebfed60b801c799ffc4c32bf3d1254", size = 13840033, upload-time = "2023-06-26T13:25:33.417Z" },
    { url = "https://files.pythonhosted.org/packages/a7/4c/96cdaa34f54c05e97c1c50f39f98d608f96f0677a6589e64e53104e22904/numpy-1.24.4-cp311-cp311-manylinux_2_17_aarch64.manylinux2014_aarch64.whl", hash = "sha256:222e40d0e2548690405b0b3c7b21d1169117391c2e82c378467ef9ab4c8f0da7", size = 13991951, upload-time = "2023-06-26T13:25:55.725Z" },
    { url = "https://files.pythonhosted.org/packages/22/97/dfb1a31bb46686f09e68ea6ac5c63fdee0d22d7b23b8f3f7ea07712869ef/numpy-1.24.4-cp311-cp311-manylinux_2_17_x86_64.manylinux2014_x86_64.whl", hash = "sha256:7215847ce88a85ce39baf9e89070cb860c98fdddacbaa6c0da3ffb31b3350bd5", size = 17278923, upload-time = "2023-06-26T13:26:25.658Z" },
    { url = "https://files.pythonhosted.org/packages/35/e2/76a11e54139654a324d107da1d98f99e7aa2a7ef97cfd7c631fba7dbde71/numpy-1.24.4-cp311-cp311-win32.whl", hash = "sha256:4979217d7de511a8d57f4b4b5b2b965f707768440c17cb70fbf254c4b225238d", size = 12422446, upload-time = "2023-06-26T13:26:49.302Z" },
    { url = "https://files.pythonhosted.org/packages/d8/ec/ebef2f7d7c28503f958f0f8b992e7ce606fb74f9e891199329d5f5f87404/numpy-1.24.4-cp311-cp311-win_amd64.whl", hash = "sha256:b7b1fc9864d7d39e28f41d089bfd6353cb5f27ecd9905348c24187a768c79694", size = 14834466, upload-time = "2023-06-26T13:27:16.029Z" },
    { url = "https://files.pythonhosted.org/packages/11/10/943cfb579f1a02909ff96464c69893b1d25be3731b5d3652c2e0cf1281ea/numpy-1.24.4-cp38-cp38-macosx_10_9_x86_64.whl", hash = "sha256:1452241c290f3e2a312c137a9999cdbf63f78864d63c79039bda65ee86943f61", size = 19780722, upload-time = "2023-06-26T13:27:49.573Z" },
    { url = "https://files.pythonhosted.org/packages/a7/ae/f53b7b265fdc701e663fbb322a8e9d4b14d9cb7b2385f45ddfabfc4327e4/numpy-1.24.4-cp38-cp38-macosx_11_0_arm64.whl", hash = "sha256:04640dab83f7c6c85abf9cd729c5b65f1ebd0ccf9de90b270cd61935eef0197f", size = 13843102, upload-time = "2023-06-26T13:28:12.288Z" },
    { url = "https://files.pythonhosted.org/packages/25/6f/2586a50ad72e8dbb1d8381f837008a0321a3516dfd7cb57fc8cf7e4bb06b/numpy-1.24.4-cp38-cp38-manylinux_2_17_aarch64.manylinux2014_aarch64.whl", hash = "sha256:a5425b114831d1e77e4b5d812b69d11d962e104095a5b9c3b641a218abcc050e", size = 14039616, upload-time = "2023-06-26T13:28:35.659Z" },
    { url = "https://files.pythonhosted.org/packages/98/5d/5738903efe0ecb73e51eb44feafba32bdba2081263d40c5043568ff60faf/numpy-1.24.4-cp38-cp38-manylinux_2_17_x86_64.manylinux2014_x86_64.whl", hash = "sha256:dd80e219fd4c71fc3699fc1dadac5dcf4fd882bfc6f7ec53d30fa197b8ee22dc", size = 17316263, upload-time = "2023-06-26T13:29:09.272Z" },
    { url = "https://files.pythonhosted.org/packages/d1/57/8d328f0b91c733aa9aa7ee540dbc49b58796c862b4fbcb1146c701e888da/numpy-1.24.4-cp38-cp38-win32.whl", hash = "sha256:4602244f345453db537be5314d3983dbf5834a9701b7723ec28923e2889e0bb2", size = 12455660, upload-time = "2023-06-26T13:29:33.434Z" },
    { url = "https://files.pythonhosted.org/packages/69/65/0d47953afa0ad569d12de5f65d964321c208492064c38fe3b0b9744f8d44/numpy-1.24.4-cp38-cp38-win_amd64.whl", hash = "sha256:692f2e0f55794943c5bfff12b3f56f99af76f902fc47487bdfe97856de51a706", size = 14868112, upload-time = "2023-06-26T13:29:58.385Z" },
    { url = "https://files.pythonhosted.org/packages/9a/cd/d5b0402b801c8a8b56b04c1e85c6165efab298d2f0ab741c2406516ede3a/numpy-1.24.4-cp39-cp39-macosx_10_9_x86_64.whl", hash = "sha256:2541312fbf09977f3b3ad449c4e5f4bb55d0dbf79226d7724211acc905049400", size = 19816549, upload-time = "2023-06-26T13:30:36.976Z" },
    { url = "https://files.pythonhosted.org/packages/14/27/638aaa446f39113a3ed38b37a66243e21b38110d021bfcb940c383e120f2/numpy-1.24.4-cp39-cp39-macosx_11_0_arm64.whl", hash = "sha256:9667575fb6d13c95f1b36aca12c5ee3356bf001b714fc354eb5465ce1609e62f", size = 13879950, upload-time = "2023-06-26T13:31:01.787Z" },
    { url = "https://files.pythonhosted.org/packages/8f/27/91894916e50627476cff1a4e4363ab6179d01077d71b9afed41d9e1f18bf/numpy-1.24.4-cp39-cp39-manylinux_2_17_aarch64.manylinux2014_aarch64.whl", hash = "sha256:f3a86ed21e4f87050382c7bc96571755193c4c1392490744ac73d660e8f564a9", size = 14030228, upload-time = "2023-06-26T13:31:26.696Z" },
    { url = "https://files.pythonhosted.org/packages/7a/7c/d7b2a0417af6428440c0ad7cb9799073e507b1a465f827d058b826236964/numpy-1.24.4-cp39-cp39-manylinux_2_17_x86_64.manylinux2014_x86_64.whl", hash = "sha256:d11efb4dbecbdf22508d55e48d9c8384db795e1b7b51ea735289ff96613ff74d", size = 17311170, upload-time = "2023-06-26T13:31:56.615Z" },
    { url = "https://files.pythonhosted.org/packages/18/9d/e02ace5d7dfccee796c37b995c63322674daf88ae2f4a4724c5dd0afcc91/numpy-1.24.4-cp39-cp39-win32.whl", hash = "sha256:6620c0acd41dbcb368610bb2f4d83145674040025e5536954782467100aa8835", size = 12454918, upload-time = "2023-06-26T13:32:16.8Z" },
    { url = "https://files.pythonhosted.org/packages/63/38/6cc19d6b8bfa1d1a459daf2b3fe325453153ca7019976274b6f33d8b5663/numpy-1.24.4-cp39-cp39-win_amd64.whl", hash = "sha256:befe2bf740fd8373cf56149a5c23a0f601e82869598d41f8e188a0e9869926f8", size = 14867441, upload-time = "2023-06-26T13:32:40.521Z" },
    { url = "https://files.pythonhosted.org/packages/a4/fd/8dff40e25e937c94257455c237b9b6bf5a30d42dd1cc11555533be099492/numpy-1.24.4-pp38-pypy38_pp73-macosx_10_9_x86_64.whl", hash = "sha256:31f13e25b4e304632a4619d0e0777662c2ffea99fcae2029556b17d8ff958aef", size = 19156590, upload-time = "2023-06-26T13:33:10.36Z" },
    { url = "https://files.pythonhosted.org/packages/42/e7/4bf953c6e05df90c6d351af69966384fed8e988d0e8c54dad7103b59f3ba/numpy-1.24.4-pp38-pypy38_pp73-manylinux_2_17_x86_64.manylinux2014_x86_64.whl", hash = "sha256:95f7ac6540e95bc440ad77f56e520da5bf877f87dca58bd095288dce8940532a", size = 16705744, upload-time = "2023-06-26T13:33:36.703Z" },
    { url = "https://files.pythonhosted.org/packages/fc/dd/9106005eb477d022b60b3817ed5937a43dad8fd1f20b0610ea8a32fcb407/numpy-1.24.4-pp38-pypy38_pp73-win_amd64.whl", hash = "sha256:e98f220aa76ca2a977fe435f5b04d7b3470c0a2e6312907b37ba6068f26787f2", size = 14734290, upload-time = "2023-06-26T13:34:05.409Z" },
]

[[package]]
name = "ply"
version = "3.4"
source = { registry = "https://pypi.org/simple" }
sdist = { url = "https://files.pythonhosted.org/packages/40/7d/95a7a67fb4c2205d0cbf89e8fabb7b49b4ed812ffdab45510d124bc2bd7e/ply-3.4.tar.gz", hash = "sha256:af435f11b7bdd69da5ffbc3fecb8d70a7073ec952e101764c88720cdefb2546b", size = 138342, upload-time = "2012-04-18T14:24:41.501Z" }

[[package]]
name = "pycparser"
version = "2.2"
source = { registry = "https://pypi.org/simple" }
dependencies = [
    { name = "ply" },
]
sdist = { url = "https://files.pythonhosted.org/packages/55/cb/7effa342d199085ef53557359edc398582b2237751435d9175107c585a10/pycparser-2.02.zip", hash = "sha256:66aaba8a6b75c089956102f583219727639d2c79cb636f37730332f711247881", size = 174817, upload-time = "2011-02-18T08:15:41.567Z" }

[[package]]
name = "typing-extensions"
version = "4.0.0"
source = { registry = "https://pypi.org/simple" }
sdist = { url = "https://files.pythonhosted.org/packages/1a/23/748b0c9a5578110b31580c8d2643319adcb3ec91f601b50a955051b51f1d/typing_extensions-4.0.0.tar.gz", hash = "sha256:2cdf80e4e04866a9b3689a51869016d36db0814d84b8d8a568d22781d45d27ed", size = 37038, upload-time = "2021-11-15T15:23:58.981Z" }
wheels = [
    { url = "https://files.pythonhosted.org/packages/17/61/32c3ab8951142e061587d957226b5683d1387fb22d95b4f69186d92616d1/typing_extensions-4.0.0-py3-none-any.whl", hash = "sha256:829704698b22e13ec9eaf959122315eabb370b0884400e9818334d8b677023d9", size = 22615, upload-time = "2021-11-14T22:11:20.075Z" },
]
